
Microsoft Visual Studio Solution File, Format Version 12.00
# Visual Studio Version 17
VisualStudioVersion = 17.5.33627.172
MinimumVisualStudioVersion = 10.0.40219.1
Project("{FAE04EC0-301F-11D3-BF4B-00C04F79EFBC}") = "JohnWrightEleosService", "JohnWrightEleosService.csproj", "{5619A10E-724C-4EB3-BF8A-102AE751B709}"
EndProject
Global
	GlobalSection(SolutionConfigurationPlatforms) = preSolution
		Debug|Any CPU = Debug|Any CPU
		Release|Any CPU = Release|Any CPU
	EndGlobalSection
	GlobalSection(ProjectConfigurationPlatforms) = postSolution
		{5619A10E-724C-4EB3-BF8A-102AE751B709}.Debug|Any CPU.ActiveCfg = Debug|Any CPU
		{5619A10E-724C-4EB3-BF8A-102AE751B709}.Debug|Any CPU.Build.0 = Debug|Any CPU
		{5619A10E-724C-4EB3-BF8A-102AE751B709}.Release|Any CPU.ActiveCfg = Release|Any CPU
		{5619A10E-724C-4EB3-BF8A-102AE751B709}.Release|Any CPU.Build.0 = Release|Any CPU
	EndGlobalSection
	GlobalSection(SolutionProperties) = preSolution
		HideSolutionNode = FALSE
	EndGlobalSection
	GlobalSection(ExtensibilityGlobals) = postSolution
		SolutionGuid = {C7D9F9B4-A97C-4A83-9EFB-5895F7AB8CCA}
	EndGlobalSection
EndGlobal
